PODS:
  - iOSSnapshotTestCase (2.2.0):
    - iOSSnapshotTestCase/SwiftSupport (= 2.2.0)
  - iOSSnapshotTestCase/Core (2.2.0)
  - iOSSnapshotTestCase/SwiftSupport (2.2.0):
    - iOSSnapshotTestCase/Core
  - SDWebImage (5.4.0):
    - SDWebImage/Core (= 5.4.0)
  - SDWebImage/Core (5.4.0)

DEPENDENCIES:
  - iOSSnapshotTestCase
  - SDWebImage

SPEC REPOS:
  trunk:
    - iOSSnapshotTestCase
    - SDWebImage

SPEC CHECKSUMS:
  iOSSnapshotTestCase: 415bd84f9dbba4ff45fede49d800bc7332fbedac
  SDWebImage: 5bf6aec6481ae2a062bdc59f9d6c1d1e552090e0

PODFILE CHECKSUM: 4e1d485de68002c85a253702829cfc95d52324c6

COCOAPODS: 1.8.4
